
Microsoft Visual Studio Solution File, Format Version 12.00
# Visual Studio Version 17
VisualStudioVersion = 17.13.35806.99 d17.13
MinimumVisualStudioVersion = 10.0.40219.1
Project("{FAE04EC0-301F-11D3-BF4B-00C04F79EFBC}") = "WebApiTask", "WebApiTask\WebApiTask.csproj", "{66975399-A43E-4727-874C-4036D5AAA8E5}"
EndProject
Global
	GlobalSection(SolutionConfigurationPlatforms) = preSolution
		Debug|Any CPU = Debug|Any CPU
		Release|Any CPU = Release|Any CPU
	EndGlobalSection
	GlobalSection(ProjectConfigurationPlatforms) = postSolution
		{66975399-A43E-4727-874C-4036D5AAA8E5}.Debug|Any CPU.ActiveCfg = Debug|Any CPU
		{66975399-A43E-4727-874C-4036D5AAA8E5}.Debug|Any CPU.Build.0 = Debug|Any CPU
		{66975399-A43E-4727-874C-4036D5AAA8E5}.Release|Any CPU.ActiveCfg = Release|Any CPU
		{66975399-A43E-4727-874C-4036D5AAA8E5}.Release|Any CPU.Build.0 = Release|Any CPU
	EndGlobalSection
	GlobalSection(SolutionProperties) = preSolution
		HideSolutionNode = FALSE
	EndGlobalSection
	GlobalSection(ExtensibilityGlobals) = postSolution
		SolutionGuid = {7241D581-3381-4B7C-81B9-F13694C15522}
	EndGlobalSection
EndGlobal
